
Microsoft Visual Studio Solution File, Format Version 12.00
# Visual Studio Version 17
VisualStudioVersion = 17.4.33205.214
MinimumVisualStudioVersion = 10.0.40219.1
Project("{FAE04EC0-301F-11D3-BF4B-00C04F79EFBC}") = "function-image-upload-resize", "function-image-upload-resize\function-image-upload-resize.csproj", "{FFD1E50B-806D-48E9-AAD0-DBE7D83E9373}"
EndProject
Global
	GlobalSection(SolutionConfigurationPlatforms) = preSolution
		Debug|Any CPU = Debug|Any CPU
		Release|Any CPU = Release|Any CPU
	EndGlobalSection
	GlobalSection(ProjectConfigurationPlatforms) = postSolution
		{FFD1E50B-806D-48E9-AAD0-DBE7D83E9373}.Debug|Any CPU.ActiveCfg = Debug|Any CPU
		{FFD1E50B-806D-48E9-AAD0-DBE7D83E9373}.Debug|Any CPU.Build.0 = Debug|Any CPU
		{FFD1E50B-806D-48E9-AAD0-DBE7D83E9373}.Release|Any CPU.ActiveCfg = Release|Any CPU
		{FFD1E50B-806D-48E9-AAD0-DBE7D83E9373}.Release|Any CPU.Build.0 = Release|Any CPU
	EndGlobalSection
	GlobalSection(SolutionProperties) = preSolution
		HideSolutionNode = FALSE
	EndGlobalSection
	GlobalSection(ExtensibilityGlobals) = postSolution
		SolutionGuid = {BBE9D1D5-19CB-47E7-BA71-70249E03B3F4}
	EndGlobalSection
EndGlobal
